// !$*UTF8*$!
{
	archiveVersion = 1;
	classes = {
	};
	objectVersion = 46;
	objects = {

/* Begin PBXBuildFile section */
		90A8C5D81F2D5A1000156D74 /* Realm.framework in Frameworks */ = {isa = PBXBuildFile; fileRef = 90A8C5D41F2D5A1000156D74 /* Realm.framework */; };
		90A8C5D91F2D5A1000156D74 /* RealmSwift.framework in Frameworks */ = {isa = PBXBuildFile; fileRef = 90A8C5D51F2D5A1000156D74 /* RealmSwift.framework */; };
		90A8C5DA1F2D5A1000156D74 /* Starscream.framework in Frameworks */ = {isa = PBXBuildFile; fileRef = 90A8C5D61F2D5A1000156D74 /* Starscream.framework */; };
		90A8C5DB1F2D5A1000156D74 /* SwiftyJSON.framework in Frameworks */ = {isa = PBXBuildFile; fileRef = 90A8C5D71F2D5A1000156D74 /* SwiftyJSON.framework */; };
		90E8BDAB1F29343C008337EF /* SettingsViewController.swift in Sources */ = {isa = PBXBuildFile; fileRef = 90E8BDAA1F29343C008337EF /* SettingsViewController.swift */; };
		90E8BDAD1F2936EA008337EF /* SettingsCell.swift in Sources */ = {isa = PBXBuildFile; fileRef = 90E8BDAC1F2936EA008337EF /* SettingsCell.swift */; };
		90E8BDB01F294061008337EF /* SettingsViewModel.swift in Sources */ = {isa = PBXBuildFile; fileRef = 90E8BDAF1F294061008337EF /* SettingsViewModel.swift */; };
		90E8BDB51F294F47008337EF /* StocksViewModel.swift in Sources */ = {isa = PBXBuildFile; fileRef = 90E8BDB41F294F47008337EF /* StocksViewModel.swift */; };
		90E8BDBA1F295384008337EF /* GraphViewController.swift in Sources */ = {isa = PBXBuildFile; fileRef = 90E8BDB91F295384008337EF /* GraphViewController.swift */; };
		90E8BDBC1F295460008337EF /* StocksCell.swift in Sources */ = {isa = PBXBuildFile; fileRef = 90E8BDBB1F295460008337EF /* StocksCell.swift */; };
		FA1429EB1F2CA9B500A4DC5A /* SymbolEntity.swift in Sources */ = {isa = PBXBuildFile; fileRef = FA1429EA1F2CA9B500A4DC5A /* SymbolEntity.swift */; };
		FA1429ED1F2CB23400A4DC5A /* TickEntity.swift in Sources */ = {isa = PBXBuildFile; fileRef = FA1429EC1F2CB23400A4DC5A /* TickEntity.swift */; };
		FA1429EF1F2CB3A300A4DC5A /* Globals.swift in Sources */ = {isa = PBXBuildFile; fileRef = FA1429EE1F2CB3A300A4DC5A /* Globals.swift */; };
		FA5824251F2883D700F22D3F /* AppDelegate.swift in Sources */ = {isa = PBXBuildFile; fileRef = FA5824241F2883D700F22D3F /* AppDelegate.swift */; };
		FA5824271F2883D700F22D3F /* StocksViewController.swift in Sources */ = {isa = PBXBuildFile; fileRef = FA5824261F2883D700F22D3F /* StocksViewController.swift */; };
		FA58242A1F2883D700F22D3F /* Main.storyboard in Resources */ = {isa = PBXBuildFile; fileRef = FA5824281F2883D700F22D3F /* Main.storyboard */; };
		FA58242C1F2883D700F22D3F /* Assets.xcassets in Resources */ = {isa = PBXBuildFile; fileRef = FA58242B1F2883D700F22D3F /* Assets.xcassets */; };
		FA58242F1F2883D700F22D3F /* LaunchScreen.storyboard in Resources */ = {isa = PBXBuildFile; fileRef = FA58242D1F2883D700F22D3F /* LaunchScreen.storyboard */; };
		FA58243A1F2883D700F22D3F /* StockViewerTests.swift in Sources */ = {isa = PBXBuildFile; fileRef = FA5824391F2883D700F22D3F /* StockViewerTests.swift */; };
		FA5824451F2883D700F22D3F /* StockViewerUITests.swift in Sources */ = {isa = PBXBuildFile; fileRef = FA5824441F2883D700F22D3F /* StockViewerUITests.swift */; };
		FAD3C3C11F2CBFDC00023692 /* DataManager.swift in Sources */ = {isa = PBXBuildFile; fileRef = FAD3C3C01F2CBFDC00023692 /* DataManager.swift */; };
		FAD3C3C41F2CC19900023692 /* NetworkService.swift in Sources */ = {isa = PBXBuildFile; fileRef = FAD3C3C31F2CC19900023692 /* NetworkService.swift */; };
/* End PBXBuildFile section */

/* Begin PBXContainerItemProxy section */
		FA5824361F2883D700F22D3F /* PBXContainerItemProxy */ = {
			isa = PBXContainerItemProxy;
			containerPortal = FA5824191F2883D600F22D3F /* Project object */;
			proxyType = 1;
			remoteGlobalIDString = FA5824201F2883D700F22D3F;
			remoteInfo = StockViewer;
		};
		FA5824411F2883D700F22D3F /* PBXContainerItemProxy */ = {
			isa = PBXContainerItemProxy;
			containerPortal = FA5824191F2883D600F22D3F /* Project object */;
			proxyType = 1;
			remoteGlobalIDString = FA5824201F2883D700F22D3F;
			remoteInfo = StockViewer;
		};
/* End PBXContainerItemProxy section */

/* Begin PBXFileReference section */
		90A8C5D41F2D5A1000156D74 /* Realm.framework */ = {isa = PBXFileReference; lastKnownFileType = wrapper.framework; name = Realm.framework; path = Carthage/Build/iOS/Realm.framework; sourceTree = "<group>"; };
		90A8C5D51F2D5A1000156D74 /* RealmSwift.framework */ = {isa = PBXFileReference; lastKnownFileType = wrapper.framework; name = RealmSwift.framework; path = Carthage/Build/iOS/RealmSwift.framework; sourceTree = "<group>"; };
		90A8C5D61F2D5A1000156D74 /* Starscream.framework */ = {isa = PBXFileReference; lastKnownFileType = wrapper.framework; name = Starscream.framework; path = Carthage/Build/iOS/Starscream.framework; sourceTree = "<group>"; };
		90A8C5D71F2D5A1000156D74 /* SwiftyJSON.framework */ = {isa = PBXFileReference; lastKnownFileType = wrapper.framework; name = SwiftyJSON.framework; path = Carthage/Build/iOS/SwiftyJSON.framework; sourceTree = "<group>"; };
		90E8BDAA1F29343C008337EF /* SettingsViewController.swift */ = {isa = PBXFileReference; fileEncoding = 4; lastKnownFileType = sourcecode.swift; path = SettingsViewController.swift; sourceTree = "<group>"; };
		90E8BDAC1F2936EA008337EF /* SettingsCell.swift */ = {isa = PBXFileReference; fileEncoding = 4; lastKnownFileType = sourcecode.swift; path = SettingsCell.swift; sourceTree = "<group>"; };
		90E8BDAF1F294061008337EF /* SettingsViewModel.swift */ = {isa = PBXFileReference; fileEncoding = 4; lastKnownFileType = sourcecode.swift; path = SettingsViewModel.swift; sourceTree = "<group>"; };
		90E8BDB41F294F47008337EF /* StocksViewModel.swift */ = {isa = PBXFileReference; fileEncoding = 4; lastKnownFileType = sourcecode.swift; path = StocksViewModel.swift; sourceTree = "<group>"; };
		90E8BDB91F295384008337EF /* GraphViewController.swift */ = {isa = PBXFileReference; fileEncoding = 4; lastKnownFileType = sourcecode.swift; path = GraphViewController.swift; sourceTree = "<group>"; };
		90E8BDBB1F295460008337EF /* StocksCell.swift */ = {isa = PBXFileReference; fileEncoding = 4; lastKnownFileType = sourcecode.swift; path = StocksCell.swift; sourceTree = "<group>"; };
		FA1429EA1F2CA9B500A4DC5A /* SymbolEntity.swift */ = {isa = PBXFileReference; fileEncoding = 4; lastKnownFileType = sourcecode.swift; path = SymbolEntity.swift; sourceTree = "<group>"; };
		FA1429EC1F2CB23400A4DC5A /* TickEntity.swift */ = {isa = PBXFileReference; fileEncoding = 4; lastKnownFileType = sourcecode.swift; path = TickEntity.swift; sourceTree = "<group>"; };
		FA1429EE1F2CB3A300A4DC5A /* Globals.swift */ = {isa = PBXFileReference; fileEncoding = 4; lastKnownFileType = sourcecode.swift; path = Globals.swift; sourceTree = "<group>"; };
		FA1429F01F2CBBA400A4DC5A /* MyPlayground.playground */ = {isa = PBXFileReference; lastKnownFileType = file.playground; path = MyPlayground.playground; sourceTree = "<group>"; };
		FA5824211F2883D700F22D3F /* StockViewer.app */ = {isa = PBXFileReference; explicitFileType = wrapper.application; includeInIndex = 0; path = StockViewer.app; sourceTree = BUILT_PRODUCTS_DIR; };
		FA5824241F2883D700F22D3F /* AppDelegate.swift */ = {isa = PBXFileReference; lastKnownFileType = sourcecode.swift; path = AppDelegate.swift; sourceTree = "<group>"; };
		FA5824261F2883D700F22D3F /* StocksViewController.swift */ = {isa = PBXFileReference; lastKnownFileType = sourcecode.swift; path = StocksViewController.swift; sourceTree = "<group>"; };
		FA5824291F2883D700F22D3F /* Base */ = {isa = PBXFileReference; lastKnownFileType = file.storyboard; name = Base; path = Base.lproj/Main.storyboard; sourceTree = "<group>"; };
		FA58242B1F2883D700F22D3F /* Assets.xcassets */ = {isa = PBXFileReference; lastKnownFileType = folder.assetcatalog; path = Assets.xcassets; sourceTree = "<group>"; };
		FA58242E1F2883D700F22D3F /* Base */ = {isa = PBXFileReference; lastKnownFileType = file.storyboard; name = Base; path = Base.lproj/LaunchScreen.storyboard; sourceTree = "<group>"; };
		FA5824301F2883D700F22D3F /* Info.plist */ = {isa = PBXFileReference; lastKnownFileType = text.plist.xml; path = Info.plist; sourceTree = "<group>"; };
		FA5824351F2883D700F22D3F /* StockViewerTests.xctest */ = {isa = PBXFileReference; explicitFileType = wrapper.cfbundle; includeInIndex = 0; path = StockViewerTests.xctest; sourceTree = BUILT_PRODUCTS_DIR; };
		FA5824391F2883D700F22D3F /* StockViewerTests.swift */ = {isa = PBXFileReference; lastKnownFileType = sourcecode.swift; path = StockViewerTests.swift; sourceTree = "<group>"; };
		FA58243B1F2883D700F22D3F /* Info.plist */ = {isa = PBXFileReference; lastKnownFileType = text.plist.xml; path = Info.plist; sourceTree = "<group>"; };
		FA5824401F2883D700F22D3F /* StockViewerUITests.xctest */ = {isa = PBXFileReference; explicitFileType = wrapper.cfbundle; includeInIndex = 0; path = StockViewerUITests.xctest; sourceTree = BUILT_PRODUCTS_DIR; };
		FA5824441F2883D700F22D3F /* StockViewerUITests.swift */ = {isa = PBXFileReference; lastKnownFileType = sourcecode.swift; path = StockViewerUITests.swift; sourceTree = "<group>"; };
		FA5824461F2883D700F22D3F /* Info.plist */ = {isa = PBXFileReference; lastKnownFileType = text.plist.xml; path = Info.plist; sourceTree = "<group>"; };
		FAD3C3C01F2CBFDC00023692 /* DataManager.swift */ = {isa = PBXFileReference; fileEncoding = 4; lastKnownFileType = sourcecode.swift; path = DataManager.swift; sourceTree = "<group>"; };
		FAD3C3C31F2CC19900023692 /* NetworkService.swift */ = {isa = PBXFileReference; fileEncoding = 4; lastKnownFileType = sourcecode.swift; path = NetworkService.swift; sourceTree = "<group>"; };
/* End PBXFileReference section */

/* Begin PBXFrameworksBuildPhase section */
		FA58241E1F2883D700F22D3F /* Frameworks */ = {
			isa = PBXFrameworksBuildPhase;
			buildActionMask = 2147483647;
			files = (
				90A8C5DB1F2D5A1000156D74 /* SwiftyJSON.framework in Frameworks */,
				90A8C5D91F2D5A1000156D74 /* RealmSwift.framework in Frameworks */,
				90A8C5DA1F2D5A1000156D74 /* Starscream.framework in Frameworks */,
				90A8C5D81F2D5A1000156D74 /* Realm.framework in Frameworks */,
			);
			runOnlyForDeploymentPostprocessing = 0;
		};
		FA5824321F2883D700F22D3F /* Frameworks */ = {
			isa = PBXFrameworksBuildPhase;
			buildActionMask = 2147483647;
			files = (
			);
			runOnlyForDeploymentPostprocessing = 0;
		};
		FA58243D1F2883D700F22D3F /* Frameworks */ = {
			isa = PBXFrameworksBuildPhase;
			buildActionMask = 2147483647;
			files = (
			);
			runOnlyForDeploymentPostprocessing = 0;
		};
/* End PBXFrameworksBuildPhase section */

/* Begin PBXGroup section */
		90E8BDAE1F294034008337EF /* Settings */ = {
			isa = PBXGroup;
			children = (
				90E8BDAA1F29343C008337EF /* SettingsViewController.swift */,
				90E8BDAC1F2936EA008337EF /* SettingsCell.swift */,
				90E8BDAF1F294061008337EF /* SettingsViewModel.swift */,
			);
			name = Settings;
			sourceTree = "<group>";
		};
		90E8BDB31F294E87008337EF /* Stocks */ = {
			isa = PBXGroup;
			children = (
				FA5824261F2883D700F22D3F /* StocksViewController.swift */,
				90E8BDB41F294F47008337EF /* StocksViewModel.swift */,
				90E8BDBB1F295460008337EF /* StocksCell.swift */,
			);
			name = Stocks;
			sourceTree = "<group>";
		};
		90E8BDB81F295371008337EF /* Graph */ = {
			isa = PBXGroup;
			children = (
				90E8BDB91F295384008337EF /* GraphViewController.swift */,
			);
			name = Graph;
			sourceTree = "<group>";
		};
		FA1429E81F2CA93200A4DC5A /* DataManager */ = {
			isa = PBXGroup;
			children = (
				FA1429E91F2CA94C00A4DC5A /* DBEntity */,
				FAD3C3C01F2CBFDC00023692 /* DataManager.swift */,
				FAD3C3C31F2CC19900023692 /* NetworkService.swift */,
			);
			name = DataManager;
			sourceTree = "<group>";
		};
		FA1429E91F2CA94C00A4DC5A /* DBEntity */ = {
			isa = PBXGroup;
			children = (
				FA1429EA1F2CA9B500A4DC5A /* SymbolEntity.swift */,
				FA1429EC1F2CB23400A4DC5A /* TickEntity.swift */,
			);
			name = DBEntity;
			sourceTree = "<group>";
		};
		FA5824181F2883D600F22D3F = {
			isa = PBXGroup;
			children = (
				FA5824231F2883D700F22D3F /* StockViewer */,
				FA5824381F2883D700F22D3F /* StockViewerTests */,
				FA5824431F2883D700F22D3F /* StockViewerUITests */,
				FA5824221F2883D700F22D3F /* Products */,
				FAE5CA501F28949700EA33DC /* Frameworks */,
			);
			sourceTree = "<group>";
		};
		FA5824221F2883D700F22D3F /* Products */ = {
			isa = PBXGroup;
			children = (
				FA5824211F2883D700F22D3F /* StockViewer.app */,
				FA5824351F2883D700F22D3F /* StockViewerTests.xctest */,
				FA5824401F2883D700F22D3F /* StockViewerUITests.xctest */,
			);
			name = Products;
			sourceTree = "<group>";
		};
		FA5824231F2883D700F22D3F /* StockViewer */ = {
			isa = PBXGroup;
			children = (
				FA1429E81F2CA93200A4DC5A /* DataManager */,
				90E8BDB81F295371008337EF /* Graph */,
				90E8BDB31F294E87008337EF /* Stocks */,
				90E8BDAE1F294034008337EF /* Settings */,
				FA5824241F2883D700F22D3F /* AppDelegate.swift */,
				FA5824281F2883D700F22D3F /* Main.storyboard */,
				FA58242B1F2883D700F22D3F /* Assets.xcassets */,
				FA58242D1F2883D700F22D3F /* LaunchScreen.storyboard */,
				FA5824301F2883D700F22D3F /* Info.plist */,
				FA1429EE1F2CB3A300A4DC5A /* Globals.swift */,
				FA1429F01F2CBBA400A4DC5A /* MyPlayground.playground */,
			);
			path = StockViewer;
			sourceTree = "<group>";
		};
		FA5824381F2883D700F22D3F /* StockViewerTests */ = {
			isa = PBXGroup;
			children = (
				FA5824391F2883D700F22D3F /* StockViewerTests.swift */,
				FA58243B1F2883D700F22D3F /* Info.plist */,
			);
			path = StockViewerTests;
			sourceTree = "<group>";
		};
		FA5824431F2883D700F22D3F /* StockViewerUITests */ = {
			isa = PBXGroup;
			children = (
				FA5824441F2883D700F22D3F /* StockViewerUITests.swift */,
				FA5824461F2883D700F22D3F /* Info.plist */,
			);
			path = StockViewerUITests;
			sourceTree = "<group>";
		};
		FAE5CA501F28949700EA33DC /* Frameworks */ = {
			isa = PBXGroup;
			children = (
				90A8C5D41F2D5A1000156D74 /* Realm.framework */,
				90A8C5D51F2D5A1000156D74 /* RealmSwift.framework */,
				90A8C5D61F2D5A1000156D74 /* Starscream.framework */,
				90A8C5D71F2D5A1000156D74 /* SwiftyJSON.framework */,
			);
			name = Frameworks;
			sourceTree = "<group>";
		};
/* End PBXGroup section */

/* Begin PBXNativeTarget section */
		FA5824201F2883D700F22D3F /* StockViewer */ = {
			isa = PBXNativeTarget;
			buildConfigurationList = FA5824491F2883D700F22D3F /* Build configuration list for PBXNativeTarget "StockViewer" */;
			buildPhases = (
				FA58241D1F2883D700F22D3F /* Sources */,
				FA58241E1F2883D700F22D3F /* Frameworks */,
				FA58241F1F2883D700F22D3F /* Resources */,
				FAE5CA591F28954400EA33DC /* ShellScript */,
			);
			buildRules = (
			);
			dependencies = (
			);
			name = StockViewer;
			productName = StockViewer;
			productReference = FA5824211F2883D700F22D3F /* StockViewer.app */;
			productType = "com.apple.product-type.application";
		};
		FA5824341F2883D700F22D3F /* StockViewerTests */ = {
			isa = PBXNativeTarget;
			buildConfigurationList = FA58244C1F2883D700F22D3F /* Build configuration list for PBXNativeTarget "StockViewerTests" */;
			buildPhases = (
				FA5824311F2883D700F22D3F /* Sources */,
				FA5824321F2883D700F22D3F /* Frameworks */,
				FA5824331F2883D700F22D3F /* Resources */,
			);
			buildRules = (
			);
			dependencies = (
				FA5824371F2883D700F22D3F /* PBXTargetDependency */,
			);
			name = StockViewerTests;
			productName = StockViewerTests;
			productReference = FA5824351F2883D700F22D3F /* StockViewerTests.xctest */;
			productType = "com.apple.product-type.bundle.unit-test";
		};
		FA58243F1F2883D700F22D3F /* StockViewerUITests */ = {
			isa = PBXNativeTarget;
			buildConfigurationList = FA58244F1F2883D700F22D3F /* Build configuration list for PBXNativeTarget "StockViewerUITests" */;
			buildPhases = (
				FA58243C1F2883D700F22D3F /* Sources */,
				FA58243D1F2883D700F22D3F /* Frameworks */,
				FA58243E1F2883D700F22D3F /* Resources */,
			);
			buildRules = (
			);
			dependencies = (
				FA5824421F2883D700F22D3F /* PBXTargetDependency */,
			);
			name = StockViewerUITests;
			productName = StockViewerUITests;
			productReference = FA5824401F2883D700F22D3F /* StockViewerUITests.xctest */;
			productType = "com.apple.product-type.bundle.ui-testing";
		};
/* End PBXNativeTarget section */

/* Begin PBXProject section */
		FA5824191F2883D600F22D3F /* Project object */ = {
			isa = PBXProject;
			attributes = {
				LastSwiftUpdateCheck = 0830;
				LastUpgradeCheck = 0830;
				ORGANIZATIONNAME = "Алексей Киселев";
				TargetAttributes = {
					FA5824201F2883D700F22D3F = {
						CreatedOnToolsVersion = 8.3.3;
						ProvisioningStyle = Manual;
					};
					FA5824341F2883D700F22D3F = {
						CreatedOnToolsVersion = 8.3.3;
						ProvisioningStyle = Automatic;
						TestTargetID = FA5824201F2883D700F22D3F;
					};
					FA58243F1F2883D700F22D3F = {
						CreatedOnToolsVersion = 8.3.3;
						ProvisioningStyle = Automatic;
						TestTargetID = FA5824201F2883D700F22D3F;
					};
				};
			};
			buildConfigurationList = FA58241C1F2883D600F22D3F /* Build configuration list for PBXProject "StockViewer" */;
			compatibilityVersion = "Xcode 3.2";
			developmentRegion = English;
			hasScannedForEncodings = 0;
			knownRegions = (
				en,
				Base,
			);
			mainGroup = FA5824181F2883D600F22D3F;
			productRefGroup = FA5824221F2883D700F22D3F /* Products */;
			projectDirPath = "";
			projectRoot = "";
			targets = (
				FA5824201F2883D700F22D3F /* StockViewer */,
				FA5824341F2883D700F22D3F /* StockViewerTests */,
				FA58243F1F2883D700F22D3F /* StockViewerUITests */,
			);
		};
/* End PBXProject section */

/* Begin PBXResourcesBuildPhase section */
		FA58241F1F2883D700F22D3F /* Resources */ = {
			isa = PBXResourcesBuildPhase;
			buildActionMask = 2147483647;
			files = (
				FA58242F1F2883D700F22D3F /* LaunchScreen.storyboard in Resources */,
				FA58242C1F2883D700F22D3F /* Assets.xcassets in Resources */,
				FA58242A1F2883D700F22D3F /* Main.storyboard in Resources */,
			);
			runOnlyForDeploymentPostprocessing = 0;
		};
		FA5824331F2883D700F22D3F /* Resources */ = {
			isa = PBXResourcesBuildPhase;
			buildActionMask = 2147483647;
			files = (
			);
			runOnlyForDeploymentPostprocessing = 0;
		};
		FA58243E1F2883D700F22D3F /* Resources */ = {
			isa = PBXResourcesBuildPhase;
			buildActionMask = 2147483647;
			files = (
			);
			runOnlyForDeploymentPostprocessing = 0;
		};
/* End PBXResourcesBuildPhase section */

/* Begin PBXShellScriptBuildPhase section */
		FAE5CA591F28954400EA33DC /* ShellScript */ = {
			isa = PBXShellScriptBuildPhase;
			buildActionMask = 2147483647;
			files = (
			);
			inputPaths = (
				"$(SRCROOT)/Carthage/Build/iOS/Realm.framework",
				"$(SRCROOT)/Carthage/Build/iOS/RealmSwift.framework",
				"$(SRCROOT)/Carthage/Build/iOS/Starscream.framework",
				"$(SRCROOT)/Carthage/Build/iOS/SwiftyJSON.framework",
			);
			outputPaths = (
				"$(BUILT_PRODUCTS_DIR)/$(FRAMEWORKS_FOLDER_PATH)/Realm.framework",
				"$(BUILT_PRODUCTS_DIR)/$(FRAMEWORKS_FOLDER_PATH)/RealmSwift.framework",
				"$(BUILT_PRODUCTS_DIR)/$(FRAMEWORKS_FOLDER_PATH)/Starscream.framework",
				"$(BUILT_PRODUCTS_DIR)/$(FRAMEWORKS_FOLDER_PATH)/SwiftyJSON.framework",
			);
			runOnlyForDeploymentPostprocessing = 0;
			shellPath = /bin/sh;
			shellScript = "/usr/local/bin/carthage copy-frameworks";
		};
/* End PBXShellScriptBuildPhase section */

/* Begin PBXSourcesBuildPhase section */
		FA58241D1F2883D700F22D3F /* Sources */ = {
			isa = PBXSourcesBuildPhase;
			buildActionMask = 2147483647;
			files = (
				90E8BDB01F294061008337EF /* SettingsViewModel.swift in Sources */,
				FA5824271F2883D700F22D3F /* StocksViewController.swift in Sources */,
				90E8BDBC1F295460008337EF /* StocksCell.swift in Sources */,
				FA5824251F2883D700F22D3F /* AppDelegate.swift in Sources */,
				FA1429EB1F2CA9B500A4DC5A /* SymbolEntity.swift in Sources */,
				FAD3C3C41F2CC19900023692 /* NetworkService.swift in Sources */,
				FA1429EF1F2CB3A300A4DC5A /* Globals.swift in Sources */,
				90E8BDAD1F2936EA008337EF /* SettingsCell.swift in Sources */,
				90E8BDBA1F295384008337EF /* GraphViewController.swift in Sources */,
				90E8BDB51F294F47008337EF /* StocksViewModel.swift in Sources */,
				FA1429ED1F2CB23400A4DC5A /* TickEntity.swift in Sources */,
				FAD3C3C11F2CBFDC00023692 /* DataManager.swift in Sources */,
				90E8BDAB1F29343C008337EF /* SettingsViewController.swift in Sources */,
			);
			runOnlyForDeploymentPostprocessing = 0;
		};
		FA5824311F2883D700F22D3F /* Sources */ = {
			isa = PBXSourcesBuildPhase;
			buildActionMask = 2147483647;
			files = (
				FA58243A1F2883D700F22D3F /* StockViewerTests.swift in Sources */,
			);
			runOnlyForDeploymentPostprocessing = 0;
		};
		FA58243C1F2883D700F22D3F /* Sources */ = {
			isa = PBXSourcesBuildPhase;
			buildActionMask = 2147483647;
			files = (
				FA5824451F2883D700F22D3F /* StockViewerUITests.swift in Sources */,
			);
			runOnlyForDeploymentPostprocessing = 0;
		};
/* End PBXSourcesBuildPhase section */

/* Begin PBXTargetDependency section */
		FA5824371F2883D700F22D3F /* PBXTargetDependency */ = {
			isa = PBXTargetDependency;
			target = FA5824201F2883D700F22D3F /* StockViewer */;
			targetProxy = FA5824361F2883D700F22D3F /* PBXContainerItemProxy */;
		};
		FA5824421F2883D700F22D3F /* PBXTargetDependency */ = {
			isa = PBXTargetDependency;
			target = FA5824201F2883D700F22D3F /* StockViewer */;
			targetProxy = FA5824411F2883D700F22D3F /* PBXContainerItemProxy */;
		};
/* End PBXTargetDependency section */

/* Begin PBXVariantGroup section */
		FA5824281F2883D700F22D3F /* Main.storyboard */ = {
			isa = PBXVariantGroup;
			children = (
				FA5824291F2883D700F22D3F /* Base */,
			);
			name = Main.storyboard;
			sourceTree = "<group>";
		};
		FA58242D1F2883D700F22D3F /* LaunchScreen.storyboard */ = {
			isa = PBXVariantGroup;
			children = (
				FA58242E1F2883D700F22D3F /* Base */,
			);
			name = LaunchScreen.storyboard;
			sourceTree = "<group>";
		};
/* End PBXVariantGroup section */

/* Begin XCBuildConfiguration section */
		FA5824471F2883D700F22D3F /* Debug */ = {
			isa = XCBuildConfiguration;
			buildSettings = {
				ALWAYS_SEARCH_USER_PATHS = NO;
				CLANG_ANALYZER_NONNULL = YES;
				CLANG_ANALYZER_NUMBER_OBJECT_CONVERSION = YES_AGGRESSIVE;
				CLANG_CXX_LANGUAGE_STANDARD = "gnu++0x";
				CLANG_CXX_LIBRARY = "libc++";
				CLANG_ENABLE_MODULES = YES;
				CLANG_ENABLE_OBJC_ARC = YES;
				CLANG_WARN_BOOL_CONVERSION = YES;
				CLANG_WARN_CONSTANT_CONVERSION = YES;
				CLANG_WARN_DIRECT_OBJC_ISA_USAGE = YES_ERROR;
				CLANG_WARN_DOCUMENTATION_COMMENTS = YES;
				CLANG_WARN_EMPTY_BODY = YES;
				CLANG_WARN_ENUM_CONVERSION = YES;
				CLANG_WARN_INFINITE_RECURSION = YES;
				CLANG_WARN_INT_CONVERSION = YES;
				CLANG_WARN_OBJC_ROOT_CLASS = YES_ERROR;
				CLANG_WARN_SUSPICIOUS_MOVE = YES;
				CLANG_WARN_UNREACHABLE_CODE = YES;
				CLANG_WARN__DUPLICATE_METHOD_MATCH = YES;
				"CODE_SIGN_IDENTITY[sdk=iphoneos*]" = "iPhone Developer";
				COPY_PHASE_STRIP = NO;
				DEBUG_INFORMATION_FORMAT = dwarf;
				ENABLE_STRICT_OBJC_MSGSEND = YES;
				ENABLE_TESTABILITY = YES;
				GCC_C_LANGUAGE_STANDARD = gnu99;
				GCC_DYNAMIC_NO_PIC = NO;
				GCC_NO_COMMON_BLOCKS = YES;
				GCC_OPTIMIZATION_LEVEL = 0;
				GCC_PREPROCESSOR_DEFINITIONS = (
					"DEBUG=1",
					"$(inherited)",
				);
				GCC_WARN_64_TO_32_BIT_CONVERSION = YES;
				GCC_WARN_ABOUT_RETURN_TYPE = YES_ERROR;
				GCC_WARN_UNDECLARED_SELECTOR = YES;
				GCC_WARN_UNINITIALIZED_AUTOS = YES_AGGRESSIVE;
				GCC_WARN_UNUSED_FUNCTION = YES;
				GCC_WARN_UNUSED_VARIABLE = YES;
				IPHONEOS_DEPLOYMENT_TARGET = 10.3;
				MTL_ENABLE_DEBUG_INFO = YES;
				ONLY_ACTIVE_ARCH = YES;
				SDKROOT = iphoneos;
				SWIFT_ACTIVE_COMPILATION_CONDITIONS = DEBUG;
				SWIFT_OPTIMIZATION_LEVEL = "-Onone";
			};
			name = Debug;
		};
		FA5824481F2883D700F22D3F /* Release */ = {
			isa = XCBuildConfiguration;
			buildSettings = {
				ALWAYS_SEARCH_USER_PATHS = NO;
				CLANG_ANALYZER_NONNULL = YES;
				CLANG_ANALYZER_NUMBER_OBJECT_CONVERSION = YES_AGGRESSIVE;
				CLANG_CXX_LANGUAGE_STANDARD = "gnu++0x";
				CLANG_CXX_LIBRARY = "libc++";
				CLANG_ENABLE_MODULES = YES;
				CLANG_ENABLE_OBJC_ARC = YES;
				CLANG_WARN_BOOL_CONVERSION = YES;
				CLANG_WARN_CONSTANT_CONVERSION = YES;
				CLANG_WARN_DIRECT_OBJC_ISA_USAGE = YES_ERROR;
				CLANG_WARN_DOCUMENTATION_COMMENTS = YES;
				CLANG_WARN_EMPTY_BODY = YES;
				CLANG_WARN_ENUM_CONVERSION = YES;
				CLANG_WARN_INFINITE_RECURSION = YES;
				CLANG_WARN_INT_CONVERSION = YES;
				CLANG_WARN_OBJC_ROOT_CLASS = YES_ERROR;
				CLANG_WARN_SUSPICIOUS_MOVE = YES;
				CLANG_WARN_UNREACHABLE_CODE = YES;
				CLANG_WARN__DUPLICATE_METHOD_MATCH = YES;
				"CODE_SIGN_IDENTITY[sdk=iphoneos*]" = "iPhone Developer";
				COPY_PHASE_STRIP = NO;
				DEBUG_INFORMATION_FORMAT = "dwarf-with-dsym";
				ENABLE_NS_ASSERTIONS = NO;
				ENABLE_STRICT_OBJC_MSGSEND = YES;
				GCC_C_LANGUAGE_STANDARD = gnu99;
				GCC_NO_COMMON_BLOCKS = YES;
				GCC_WARN_64_TO_32_BIT_CONVERSION = YES;
				GCC_WARN_ABOUT_RETURN_TYPE = YES_ERROR;
				GCC_WARN_UNDECLARED_SELECTOR = YES;
				GCC_WARN_UNINITIALIZED_AUTOS = YES_AGGRESSIVE;
				GCC_WARN_UNUSED_FUNCTION = YES;
				GCC_WARN_UNUSED_VARIABLE = YES;
				IPHONEOS_DEPLOYMENT_TARGET = 10.3;
				MTL_ENABLE_DEBUG_INFO = NO;
				SDKROOT = iphoneos;
				SWIFT_OPTIMIZATION_LEVEL = "-Owholemodule";
				VALIDATE_PRODUCT = YES;
			};
			name = Release;
		};
		FA58244A1F2883D700F22D3F /* Debug */ = {
			isa = XCBuildConfiguration;
			buildSettings = {
				ASSETCATALOG_COMPILER_APPICON_NAME = AppIcon;
				DEVELOPMENT_TEAM = "";
				FRAMEWORK_SEARCH_PATHS = (
					"$(inherited)",
					"$(PROJECT_DIR)/Carthage/Build/iOS",
				);
				INFOPLIST_FILE = StockViewer/Info.plist;
				LD_RUNPATH_SEARCH_PATHS = "$(inherited) @executable_path/Frameworks";
				PRODUCT_BUNDLE_IDENTIFIER = test.StockViewer;
				PRODUCT_NAME = "$(TARGET_NAME)";
				PROVISIONING_PROFILE_SPECIFIER = "";
				SWIFT_VERSION = 3.0;
			};
			name = Debug;
		};
		FA58244B1F2883D700F22D3F /* Release */ = {
			isa = XCBuildConfiguration;
			buildSettings = {
				ASSETCATALOG_COMPILER_APPICON_NAME = AppIcon;
				DEVELOPMENT_TEAM = "";
				FRAMEWORK_SEARCH_PATHS = (
					"$(inherited)",
					"$(PROJECT_DIR)/Carthage/Build/iOS",
				);
				INFOPLIST_FILE = StockViewer/Info.plist;
				LD_RUNPATH_SEARCH_PATHS = "$(inherited) @executable_path/Frameworks";
				PRODUCT_BUNDLE_IDENTIFIER = test.StockViewer;
				PRODUCT_NAME = "$(TARGET_NAME)";
				PROVISIONING_PROFILE_SPECIFIER = "";
				SWIFT_VERSION = 3.0;
			};
			name = Release;
		};
		FA58244D1F2883D700F22D3F /* Debug */ = {
			isa = XCBuildConfiguration;
			buildSettings = {
				ALWAYS_EMBED_SWIFT_STANDARD_LIBRARIES = YES;
				BUNDLE_LOADER = "$(TEST_HOST)";
				INFOPLIST_FILE = StockViewerTests/Info.plist;
				LD_RUNPATH_SEARCH_PATHS = "$(inherited) @executable_path/Frameworks @loader_path/Frameworks";
				PRODUCT_BUNDLE_IDENTIFIER = test.StockViewerTests;
				PRODUCT_NAME = "$(TARGET_NAME)";
				SWIFT_VERSION = 3.0;
				TEST_HOST = "$(BUILT_PRODUCTS_DIR)/StockViewer.app/StockViewer";
			};
			name = Debug;
		};
		FA58244E1F2883D700F22D3F /* Release */ = {
			isa = XCBuildConfiguration;
			buildSettings = {
				ALWAYS_EMBED_SWIFT_STANDARD_LIBRARIES = YES;
				BUNDLE_LOADER = "$(TEST_HOST)";
				INFOPLIST_FILE = StockViewerTests/Info.plist;
				LD_RUNPATH_SEARCH_PATHS = "$(inherited) @executable_path/Frameworks @loader_path/Frameworks";
				PRODUCT_BUNDLE_IDENTIFIER = test.StockViewerTests;
				PRODUCT_NAME = "$(TARGET_NAME)";
				SWIFT_VERSION = 3.0;
				TEST_HOST = "$(BUILT_PRODUCTS_DIR)/StockViewer.app/StockViewer";
			};
			name = Release;
		};
		FA5824501F2883D700F22D3F /* Debug */ = {
			isa = XCBuildConfiguration;
			buildSettings = {
				ALWAYS_EMBED_SWIFT_STANDARD_LIBRARIES = YES;
				INFOPLIST_FILE = StockViewerUITests/Info.plist;
				LD_RUNPATH_SEARCH_PATHS = "$(inherited) @executable_path/Frameworks @loader_path/Frameworks";
				PRODUCT_BUNDLE_IDENTIFIER = test.StockViewerUITests;
				PRODUCT_NAME = "$(TARGET_NAME)";
				SWIFT_VERSION = 3.0;
				TEST_TARGET_NAME = StockViewer;
			};
			name = Debug;
		};
		FA5824511F2883D700F22D3F /* Release */ = {
			isa = XCBuildConfiguration;
			buildSettings = {
				ALWAYS_EMBED_SWIFT_STANDARD_LIBRARIES = YES;
				INFOPLIST_FILE = StockViewerUITests/Info.plist;
				LD_RUNPATH_SEARCH_PATHS = "$(inherited) @executable_path/Frameworks @loader_path/Frameworks";
				PRODUCT_BUNDLE_IDENTIFIER = test.StockViewerUITests;
				PRODUCT_NAME = "$(TARGET_NAME)";
				SWIFT_VERSION = 3.0;
				TEST_TARGET_NAME = StockViewer;
			};
			name = Release;
		};
/* End XCBuildConfiguration section */

/* Begin XCConfigurationList section */
		FA58241C1F2883D600F22D3F /* Build configuration list for PBXProject "StockViewer" */ = {
			isa = XCConfigurationList;
			buildConfigurations = (
				FA5824471F2883D700F22D3F /* Debug */,
				FA5824481F2883D700F22D3F /* Release */,
			);
			defaultConfigurationIsVisible = 0;
			defaultConfigurationName = Release;
		};
		FA5824491F2883D700F22D3F /* Build configuration list for PBXNativeTarget "StockViewer" */ = {
			isa = XCConfigurationList;
			buildConfigurations = (
				FA58244A1F2883D700F22D3F /* Debug */,
				FA58244B1F2883D700F22D3F /* Release */,
			);
			defaultConfigurationIsVisible = 0;
			defaultConfigurationName = Release;
		};
		FA58244C1F2883D700F22D3F /* Build configuration list for PBXNativeTarget "StockViewerTests" */ = {
			isa = XCConfigurationList;
			buildConfigurations = (
				FA58244D1F2883D700F22D3F /* Debug */,
				FA58244E1F2883D700F22D3F /* Release */,
			);
			defaultConfigurationIsVisible = 0;
			defaultConfigurationName = Release;
		};
		FA58244F1F2883D700F22D3F /* Build configuration list for PBXNativeTarget "StockViewerUITests" */ = {
			isa = XCConfigurationList;
			buildConfigurations = (
				FA5824501F2883D700F22D3F /* Debug */,
				FA5824511F2883D700F22D3F /* Release */,
			);
			defaultConfigurationIsVisible = 0;
			defaultConfigurationName = Release;
		};
/* End XCConfigurationList section */
	};
	rootObject = FA5824191F2883D600F22D3F /* Project object */;
}
